
Microsoft Visual Studio Solution File, Format Version 11.00
# Visual C# Express 2010
Project("{FAE04EC0-301F-11D3-BF4B-00C04F79EFBC}") = "RPG", "RPG\RPG.csproj", "{FC2AA617-F554-4777-8B65-F44A1E36FA35}"
EndProject
Global
	GlobalSection(SolutionConfigurationPlatforms) = preSolution
		Debug|x86 = Debug|x86
		Release|x86 = Release|x86
	EndGlobalSection
	GlobalSection(ProjectConfigurationPlatforms) = postSolution
		{FC2AA617-F554-4777-8B65-F44A1E36FA35}.Debug|x86.ActiveCfg = Debug|x86
		{FC2AA617-F554-4777-8B65-F44A1E36FA35}.Debug|x86.Build.0 = Debug|x86
		{FC2AA617-F554-4777-8B65-F44A1E36FA35}.Release|x86.ActiveCfg = Release|x86
		{FC2AA617-F554-4777-8B65-F44A1E36FA35}.Release|x86.Build.0 = Release|x86
	EndGlobalSection
	GlobalSection(SolutionProperties) = preSolution
		HideSolutionNode = FALSE
	EndGlobalSection
EndGlobal
